
Microsoft Visual Studio Solution File, Format Version 11.00
# Visual Studio 2010
Project("{FAE04EC0-301F-11D3-BF4B-00C04F79EFBC}") = "CoolApp", "BuildSample\CoolApp.csproj", "{E7393DD4-5E5F-456A-89AB-000EC63BD901}"
EndProject
Project("{FAE04EC0-301F-11D3-BF4B-00C04F79EFBC}") = "NotCompileApp", "NotCompileApp\NotCompileApp.csproj", "{3DE4FDFA-1502-44CF-9B73-78B6D730C59F}"
EndProject
Project("{FAE04EC0-301F-11D3-BF4B-00C04F79EFBC}") = "Domain", "Domain\Domain.csproj", "{BD5EC0A1-EDC9-4D90-BACF-AE54F26148C1}"
EndProject
Global
	GlobalSection(SolutionConfigurationPlatforms) = preSolution
		Debug|iPhoneSimulator = Debug|iPhoneSimulator
		Release|iPhoneSimulator = Release|iPhoneSimulator
		Debug|iPhone = Debug|iPhone
		Release|iPhone = Release|iPhone
	EndGlobalSection
	GlobalSection(ProjectConfigurationPlatforms) = postSolution
		{3DE4FDFA-1502-44CF-9B73-78B6D730C59F}.Debug|iPhone.ActiveCfg = Debug|iPhone
		{3DE4FDFA-1502-44CF-9B73-78B6D730C59F}.Debug|iPhone.Build.0 = Debug|iPhone
		{3DE4FDFA-1502-44CF-9B73-78B6D730C59F}.Debug|iPhoneSimulator.ActiveCfg = Debug|iPhoneSimulator
		{3DE4FDFA-1502-44CF-9B73-78B6D730C59F}.Debug|iPhoneSimulator.Build.0 = Debug|iPhoneSimulator
		{3DE4FDFA-1502-44CF-9B73-78B6D730C59F}.Release|iPhone.ActiveCfg = Release|iPhone
		{3DE4FDFA-1502-44CF-9B73-78B6D730C59F}.Release|iPhone.Build.0 = Release|iPhone
		{3DE4FDFA-1502-44CF-9B73-78B6D730C59F}.Release|iPhoneSimulator.ActiveCfg = Release|iPhoneSimulator
		{3DE4FDFA-1502-44CF-9B73-78B6D730C59F}.Release|iPhoneSimulator.Build.0 = Release|iPhoneSimulator
		{BD5EC0A1-EDC9-4D90-BACF-AE54F26148C1}.Debug|iPhone.ActiveCfg = Debug|Any CPU
		{BD5EC0A1-EDC9-4D90-BACF-AE54F26148C1}.Debug|iPhone.Build.0 = Debug|Any CPU
		{BD5EC0A1-EDC9-4D90-BACF-AE54F26148C1}.Debug|iPhoneSimulator.ActiveCfg = Debug|Any CPU
		{BD5EC0A1-EDC9-4D90-BACF-AE54F26148C1}.Debug|iPhoneSimulator.Build.0 = Debug|Any CPU
		{BD5EC0A1-EDC9-4D90-BACF-AE54F26148C1}.Release|iPhone.ActiveCfg = Release|Any CPU
		{BD5EC0A1-EDC9-4D90-BACF-AE54F26148C1}.Release|iPhone.Build.0 = Release|Any CPU
		{BD5EC0A1-EDC9-4D90-BACF-AE54F26148C1}.Release|iPhoneSimulator.ActiveCfg = Release|Any CPU
		{BD5EC0A1-EDC9-4D90-BACF-AE54F26148C1}.Release|iPhoneSimulator.Build.0 = Release|Any CPU
		{E7393DD4-5E5F-456A-89AB-000EC63BD901}.Debug|iPhone.ActiveCfg = Debug|iPhone
		{E7393DD4-5E5F-456A-89AB-000EC63BD901}.Debug|iPhone.Build.0 = Debug|iPhone
		{E7393DD4-5E5F-456A-89AB-000EC63BD901}.Debug|iPhoneSimulator.ActiveCfg = Debug|iPhoneSimulator
		{E7393DD4-5E5F-456A-89AB-000EC63BD901}.Debug|iPhoneSimulator.Build.0 = Debug|iPhoneSimulator
		{E7393DD4-5E5F-456A-89AB-000EC63BD901}.Release|iPhone.ActiveCfg = Release|iPhone
		{E7393DD4-5E5F-456A-89AB-000EC63BD901}.Release|iPhone.Build.0 = Release|iPhone
		{E7393DD4-5E5F-456A-89AB-000EC63BD901}.Release|iPhoneSimulator.ActiveCfg = Release|iPhoneSimulator
		{E7393DD4-5E5F-456A-89AB-000EC63BD901}.Release|iPhoneSimulator.Build.0 = Release|iPhoneSimulator
	EndGlobalSection
	GlobalSection(MonoDevelopProperties) = preSolution
		StartupItem = BuildSample\CoolApp.csproj
	EndGlobalSection
EndGlobal
